// !$*UTF8*$!
{
	archiveVersion = 1;
	classes = {
	};
	objectVersion = 46;
	objects = {

/* Begin PBXBuildFile section */
		19B4C1E0084DD08F3BEE2FA8 /* Pods.framework in Frameworks */ = {isa = PBXBuildFile; fileRef = F8A346BBA3FD393C2BDC2813 /* Pods.framework */; };
		8C5A208C1C25488600F61B6F /* AppDelegate.swift in Sources */ = {isa = PBXBuildFile; fileRef = 8C5A208B1C25488600F61B6F /* AppDelegate.swift */; };
		8C5A208E1C25488600F61B6F /* ViewController.swift in Sources */ = {isa = PBXBuildFile; fileRef = 8C5A208D1C25488600F61B6F /* ViewController.swift */; };
		8C5A20911C25488600F61B6F /* Main.storyboard in Resources */ = {isa = PBXBuildFile; fileRef = 8C5A208F1C25488600F61B6F /* Main.storyboard */; };
		8C5A20931C25488600F61B6F /* Assets.xcassets in Resources */ = {isa = PBXBuildFile; fileRef = 8C5A20921C25488600F61B6F /* Assets.xcassets */; };
		8C5A20961C25488600F61B6F /* LaunchScreen.storyboard in Resources */ = {isa = PBXBuildFile; fileRef = 8C5A20941C25488600F61B6F /* LaunchScreen.storyboard */; };
		8C5A209E1C254C2800F61B6F /* ALRefresher.swift in Sources */ = {isa = PBXBuildFile; fileRef = 8C5A209D1C254C2800F61B6F /* ALRefresher.swift */; };
		8C5A20A01C25BAD400F61B6F /* ALRefreshControl.swift in Sources */ = {isa = PBXBuildFile; fileRef = 8C5A209F1C25BAD400F61B6F /* ALRefreshControl.swift */; };
		8C5A20A21C25BD2400F61B6F /* ALRefreshViewController.swift in Sources */ = {isa = PBXBuildFile; fileRef = 8C5A20A11C25BD2400F61B6F /* ALRefreshViewController.swift */; };
/* End PBXBuildFile section */

/* Begin PBXFileReference section */
		363F9FBF95573416624DAEC2 /* Pods.debug.xcconfig */ = {isa = PBXFileReference; includeInIndex = 1; lastKnownFileType = text.xcconfig; name = Pods.debug.xcconfig; path = "Pods/Target Support Files/Pods/Pods.debug.xcconfig"; sourceTree = "<group>"; };
		4AC5BD23027FF25703F9F3B6 /* Pods.release.xcconfig */ = {isa = PBXFileReference; includeInIndex = 1; lastKnownFileType = text.xcconfig; name = Pods.release.xcconfig; path = "Pods/Target Support Files/Pods/Pods.release.xcconfig"; sourceTree = "<group>"; };
		8C5A20881C25488600F61B6F /* ALRefresher.app */ = {isa = PBXFileReference; explicitFileType = wrapper.application; includeInIndex = 0; path = ALRefresher.app; sourceTree = BUILT_PRODUCTS_DIR; };
		8C5A208B1C25488600F61B6F /* AppDelegate.swift */ = {isa = PBXFileReference; lastKnownFileType = sourcecode.swift; path = AppDelegate.swift; sourceTree = "<group>"; };
		8C5A208D1C25488600F61B6F /* ViewController.swift */ = {isa = PBXFileReference; lastKnownFileType = sourcecode.swift; path = ViewController.swift; sourceTree = "<group>"; };
		8C5A20901C25488600F61B6F /* Base */ = {isa = PBXFileReference; lastKnownFileType = file.storyboard; name = Base; path = Base.lproj/Main.storyboard; sourceTree = "<group>"; };
		8C5A20921C25488600F61B6F /* Assets.xcassets */ = {isa = PBXFileReference; lastKnownFileType = folder.assetcatalog; path = Assets.xcassets; sourceTree = "<group>"; };
		8C5A20951C25488600F61B6F /* Base */ = {isa = PBXFileReference; lastKnownFileType = file.storyboard; name = Base; path = Base.lproj/LaunchScreen.storyboard; sourceTree = "<group>"; };
		8C5A20971C25488600F61B6F /* Info.plist */ = {isa = PBXFileReference; lastKnownFileType = text.plist.xml; path = Info.plist; sourceTree = "<group>"; };
		8C5A209D1C254C2800F61B6F /* ALRefresher.swift */ = {isa = PBXFileReference; fileEncoding = 4; lastKnownFileType = sourcecode.swift; path = ALRefresher.swift; sourceTree = "<group>"; };
		8C5A209F1C25BAD400F61B6F /* ALRefreshControl.swift */ = {isa = PBXFileReference; fileEncoding = 4; lastKnownFileType = sourcecode.swift; path = ALRefreshControl.swift; sourceTree = "<group>"; };
		8C5A20A11C25BD2400F61B6F /* ALRefreshViewController.swift */ = {isa = PBXFileReference; fileEncoding = 4; lastKnownFileType = sourcecode.swift; path = ALRefreshViewController.swift; sourceTree = "<group>"; };
		F8A346BBA3FD393C2BDC2813 /* Pods.framework */ = {isa = PBXFileReference; explicitFileType = wrapper.framework; includeInIndex = 0; path = Pods.framework; sourceTree = BUILT_PRODUCTS_DIR; };
/* End PBXFileReference section */

/* Begin PBXFrameworksBuildPhase section */
		8C5A20851C25488600F61B6F /* Frameworks */ = {
			isa = PBXFrameworksBuildPhase;
			buildActionMask = 2147483647;
			files = (
				19B4C1E0084DD08F3BEE2FA8 /* Pods.framework in Frameworks */,
			);
			runOnlyForDeploymentPostprocessing = 0;
		};
/* End PBXFrameworksBuildPhase section */

/* Begin PBXGroup section */
		0F7AF20066B9783D1CA8F6CC /* Frameworks */ = {
			isa = PBXGroup;
			children = (
				F8A346BBA3FD393C2BDC2813 /* Pods.framework */,
			);
			name = Frameworks;
			sourceTree = "<group>";
		};
		8C5A207F1C25488600F61B6F = {
			isa = PBXGroup;
			children = (
				8C5A208A1C25488600F61B6F /* ALRefresher */,
				8C5A20891C25488600F61B6F /* Products */,
				A61896FCB3C4CDF330B04F5D /* Pods */,
				0F7AF20066B9783D1CA8F6CC /* Frameworks */,
			);
			sourceTree = "<group>";
		};
		8C5A20891C25488600F61B6F /* Products */ = {
			isa = PBXGroup;
			children = (
				8C5A20881C25488600F61B6F /* ALRefresher.app */,
			);
			name = Products;
			sourceTree = "<group>";
		};
		8C5A208A1C25488600F61B6F /* ALRefresher */ = {
			isa = PBXGroup;
			children = (
				8C5A20A41C25BD3B00F61B6F /* View */,
				8C5A20A31C25BD2F00F61B6F /* Controller */,
				8C5A208B1C25488600F61B6F /* AppDelegate.swift */,
				8C5A208F1C25488600F61B6F /* Main.storyboard */,
				8C5A20921C25488600F61B6F /* Assets.xcassets */,
				8C5A20941C25488600F61B6F /* LaunchScreen.storyboard */,
				8C5A20971C25488600F61B6F /* Info.plist */,
			);
			path = ALRefresher;
			sourceTree = "<group>";
		};
		8C5A20A31C25BD2F00F61B6F /* Controller */ = {
			isa = PBXGroup;
			children = (
				8C5A208D1C25488600F61B6F /* ViewController.swift */,
				8C5A20A11C25BD2400F61B6F /* ALRefreshViewController.swift */,
			);
			name = Controller;
			sourceTree = "<group>";
		};
		8C5A20A41C25BD3B00F61B6F /* View */ = {
			isa = PBXGroup;
			children = (
				8C5A209D1C254C2800F61B6F /* ALRefresher.swift */,
				8C5A209F1C25BAD400F61B6F /* ALRefreshControl.swift */,
			);
			name = View;
			sourceTree = "<group>";
		};
		A61896FCB3C4CDF330B04F5D /* Pods */ = {
			isa = PBXGroup;
			children = (
				363F9FBF95573416624DAEC2 /* Pods.debug.xcconfig */,
				4AC5BD23027FF25703F9F3B6 /* Pods.release.xcconfig */,
			);
			name = Pods;
			sourceTree = "<group>";
		};
/* End PBXGroup section */

/* Begin PBXNativeTarget section */
		8C5A20871C25488600F61B6F /* ALRefresher */ = {
			isa = PBXNativeTarget;
			buildConfigurationList = 8C5A209A1C25488600F61B6F /* Build configuration list for PBXNativeTarget "ALRefresher" */;
			buildPhases = (
				0C3D64C6C8D395AE7693CE0F /* Check Pods Manifest.lock */,
				8C5A20841C25488600F61B6F /* Sources */,
				8C5A20851C25488600F61B6F /* Frameworks */,
				8C5A20861C25488600F61B6F /* Resources */,
				C7EF18D3C8DE8A12622C421C /* Embed Pods Frameworks */,
				90F09A16F764A49F52D62724 /* Copy Pods Resources */,
			);
			buildRules = (
			);
			dependencies = (
			);
			name = ALRefresher;
			productName = ALRefresher;
			productReference = 8C5A20881C25488600F61B6F /* ALRefresher.app */;
			productType = "com.apple.product-type.application";
		};
/* End PBXNativeTarget section */

/* Begin PBXProject section */
		8C5A20801C25488600F61B6F /* Project object */ = {
			isa = PBXProject;
			attributes = {
				LastSwiftUpdateCheck = 0720;
				LastUpgradeCheck = 0720;
				ORGANIZATIONNAME = AL;
				TargetAttributes = {
					8C5A20871C25488600F61B6F = {
						CreatedOnToolsVersion = 7.2;
						DevelopmentTeam = 8KGCCP2V6Z;
					};
				};
			};
			buildConfigurationList = 8C5A20831C25488600F61B6F /* Build configuration list for PBXProject "ALRefresher" */;
			compatibilityVersion = "Xcode 3.2";
			developmentRegion = English;
			hasScannedForEncodings = 0;
			knownRegions = (
				en,
				Base,
			);
			mainGroup = 8C5A207F1C25488600F61B6F;
			productRefGroup = 8C5A20891C25488600F61B6F /* Products */;
			projectDirPath = "";
			projectRoot = "";
			targets = (
				8C5A20871C25488600F61B6F /* ALRefresher */,
			);
		};
/* End PBXProject section */

/* Begin PBXResourcesBuildPhase section */
		8C5A20861C25488600F61B6F /* Resources */ = {
			isa = PBXResourcesBuildPhase;
			buildActionMask = 2147483647;
			files = (
				8C5A20961C25488600F61B6F /* LaunchScreen.storyboard in Resources */,
				8C5A20931C25488600F61B6F /* Assets.xcassets in Resources */,
				8C5A20911C25488600F61B6F /* Main.storyboard in Resources */,
			);
			runOnlyForDeploymentPostprocessing = 0;
		};
/* End PBXResourcesBuildPhase section */

/* Begin PBXShellScriptBuildPhase section */
		0C3D64C6C8D395AE7693CE0F /* Check Pods Manifest.lock */ = {
			isa = PBXShellScriptBuildPhase;
			buildActionMask = 2147483647;
			files = (
			);
			inputPaths = (
			);
			name = "Check Pods Manifest.lock";
			outputPaths = (
			);
			runOnlyForDeploymentPostprocessing = 0;
			shellPath = /bin/sh;
			shellScript = "diff \"${PODS_ROOT}/../Podfile.lock\" \"${PODS_ROOT}/Manifest.lock\" > /dev/null\nif [[ $? != 0 ]] ; then\n    cat << EOM\nerror: The sandbox is not in sync with the Podfile.lock. Run 'pod install' or update your CocoaPods installation.\nEOM\n    exit 1\nfi\n";
			showEnvVarsInLog = 0;
		};
		90F09A16F764A49F52D62724 /* Copy Pods Resources */ = {
			isa = PBXShellScriptBuildPhase;
			buildActionMask = 2147483647;
			files = (
			);
			inputPaths = (
			);
			name = "Copy Pods Resources";
			outputPaths = (
			);
			runOnlyForDeploymentPostprocessing = 0;
			shellPath = /bin/sh;
			shellScript = "\"${SRCROOT}/Pods/Target Support Files/Pods/Pods-resources.sh\"\n";
			showEnvVarsInLog = 0;
		};
		C7EF18D3C8DE8A12622C421C /* Embed Pods Frameworks */ = {
			isa = PBXShellScriptBuildPhase;
			buildActionMask = 2147483647;
			files = (
			);
			inputPaths = (
			);
			name = "Embed Pods Frameworks";
			outputPaths = (
			);
			runOnlyForDeploymentPostprocessing = 0;
			shellPath = /bin/sh;
			shellScript = "\"${SRCROOT}/Pods/Target Support Files/Pods/Pods-frameworks.sh\"\n";
			showEnvVarsInLog = 0;
		};
/* End PBXShellScriptBuildPhase section */

/* Begin PBXSourcesBuildPhase section */
		8C5A20841C25488600F61B6F /* Sources */ = {
			isa = PBXSourcesBuildPhase;
			buildActionMask = 2147483647;
			files = (
				8C5A208E1C25488600F61B6F /* ViewController.swift in Sources */,
				8C5A208C1C25488600F61B6F /* AppDelegate.swift in Sources */,
				8C5A20A01C25BAD400F61B6F /* ALRefreshControl.swift in Sources */,
				8C5A20A21C25BD2400F61B6F /* ALRefreshViewController.swift in Sources */,
				8C5A209E1C254C2800F61B6F /* ALRefresher.swift in Sources */,
			);
			runOnlyForDeploymentPostprocessing = 0;
		};
/* End PBXSourcesBuildPhase section */

/* Begin PBXVariantGroup section */
		8C5A208F1C25488600F61B6F /* Main.storyboard */ = {
			isa = PBXVariantGroup;
			children = (
				8C5A20901C25488600F61B6F /* Base */,
			);
			name = Main.storyboard;
			sourceTree = "<group>";
		};
		8C5A20941C25488600F61B6F /* LaunchScreen.storyboard */ = {
			isa = PBXVariantGroup;
			children = (
				8C5A20951C25488600F61B6F /* Base */,
			);
			name = LaunchScreen.storyboard;
			sourceTree = "<group>";
		};
/* End PBXVariantGroup section */

/* Begin XCBuildConfiguration section */
		8C5A20981C25488600F61B6F /* Debug */ = {
			isa = XCBuildConfiguration;
			buildSettings = {
				ALWAYS_SEARCH_USER_PATHS = NO;
				CLANG_CXX_LANGUAGE_STANDARD = "gnu++0x";
				CLANG_CXX_LIBRARY = "libc++";
				CLANG_ENABLE_MODULES = YES;
				CLANG_ENABLE_OBJC_ARC = YES;
				CLANG_WARN_BOOL_CONVERSION = YES;
				CLANG_WARN_CONSTANT_CONVERSION = YES;
				CLANG_WARN_DIRECT_OBJC_ISA_USAGE = YES_ERROR;
				CLANG_WARN_EMPTY_BODY = YES;
				CLANG_WARN_ENUM_CONVERSION = YES;
				CLANG_WARN_INT_CONVERSION = YES;
				CLANG_WARN_OBJC_ROOT_CLASS = YES_ERROR;
				CLANG_WARN_UNREACHABLE_CODE = YES;
				CLANG_WARN__DUPLICATE_METHOD_MATCH = YES;
				"CODE_SIGN_IDENTITY[sdk=iphoneos*]" = "iPhone Developer";
				COPY_PHASE_STRIP = NO;
				DEBUG_INFORMATION_FORMAT = dwarf;
				ENABLE_STRICT_OBJC_MSGSEND = YES;
				ENABLE_TESTABILITY = YES;
				GCC_C_LANGUAGE_STANDARD = gnu99;
				GCC_DYNAMIC_NO_PIC = NO;
				GCC_NO_COMMON_BLOCKS = YES;
				GCC_OPTIMIZATION_LEVEL = 0;
				GCC_PREPROCESSOR_DEFINITIONS = (
					"DEBUG=1",
					"$(inherited)",
				);
				GCC_WARN_64_TO_32_BIT_CONVERSION = YES;
				GCC_WARN_ABOUT_RETURN_TYPE = YES_ERROR;
				GCC_WARN_UNDECLARED_SELECTOR = YES;
				GCC_WARN_UNINITIALIZED_AUTOS = YES_AGGRESSIVE;
				GCC_WARN_UNUSED_FUNCTION = YES;
				GCC_WARN_UNUSED_VARIABLE = YES;
				IPHONEOS_DEPLOYMENT_TARGET = 9.2;
				MTL_ENABLE_DEBUG_INFO = YES;
				ONLY_ACTIVE_ARCH = YES;
				SDKROOT = iphoneos;
				SWIFT_OPTIMIZATION_LEVEL = "-Onone";
			};
			name = Debug;
		};
		8C5A20991C25488600F61B6F /* Release */ = {
			isa = XCBuildConfiguration;
			buildSettings = {
				ALWAYS_SEARCH_USER_PATHS = NO;
				CLANG_CXX_LANGUAGE_STANDARD = "gnu++0x";
				CLANG_CXX_LIBRARY = "libc++";
				CLANG_ENABLE_MODULES = YES;
				CLANG_ENABLE_OBJC_ARC = YES;
				CLANG_WARN_BOOL_CONVERSION = YES;
				CLANG_WARN_CONSTANT_CONVERSION = YES;
				CLANG_WARN_DIRECT_OBJC_ISA_USAGE = YES_ERROR;
				CLANG_WARN_EMPTY_BODY = YES;
				CLANG_WARN_ENUM_CONVERSION = YES;
				CLANG_WARN_INT_CONVERSION = YES;
				CLANG_WARN_OBJC_ROOT_CLASS = YES_ERROR;
				CLANG_WARN_UNREACHABLE_CODE = YES;
				CLANG_WARN__DUPLICATE_METHOD_MATCH = YES;
				"CODE_SIGN_IDENTITY[sdk=iphoneos*]" = "iPhone Developer";
				COPY_PHASE_STRIP = NO;
				DEBUG_INFORMATION_FORMAT = "dwarf-with-dsym";
				ENABLE_NS_ASSERTIONS = NO;
				ENABLE_STRICT_OBJC_MSGSEND = YES;
				GCC_C_LANGUAGE_STANDARD = gnu99;
				GCC_NO_COMMON_BLOCKS = YES;
				GCC_WARN_64_TO_32_BIT_CONVERSION = YES;
				GCC_WARN_ABOUT_RETURN_TYPE = YES_ERROR;
				GCC_WARN_UNDECLARED_SELECTOR = YES;
				GCC_WARN_UNINITIALIZED_AUTOS = YES_AGGRESSIVE;
				GCC_WARN_UNUSED_FUNCTION = YES;
				GCC_WARN_UNUSED_VARIABLE = YES;
				IPHONEOS_DEPLOYMENT_TARGET = 9.2;
				MTL_ENABLE_DEBUG_INFO = NO;
				SDKROOT = iphoneos;
				VALIDATE_PRODUCT = YES;
			};
			name = Release;
		};
		8C5A209B1C25488600F61B6F /* Debug */ = {
			isa = XCBuildConfiguration;
			baseConfigurationReference = 363F9FBF95573416624DAEC2 /* Pods.debug.xcconfig */;
			buildSettings = {
				ASSETCATALOG_COMPILER_APPICON_NAME = AppIcon;
				INFOPLIST_FILE = ALRefresher/Info.plist;
				LD_RUNPATH_SEARCH_PATHS = "$(inherited) @executable_path/Frameworks";
				PRODUCT_BUNDLE_IDENTIFIER = per.ALan.AlanTomCat;
				PRODUCT_NAME = "$(TARGET_NAME)";
			};
			name = Debug;
		};
		8C5A209C1C25488600F61B6F /* Release */ = {
			isa = XCBuildConfiguration;
			baseConfigurationReference = 4AC5BD23027FF25703F9F3B6 /* Pods.release.xcconfig */;
			buildSettings = {
				ASSETCATALOG_COMPILER_APPICON_NAME = AppIcon;
				INFOPLIST_FILE = ALRefresher/Info.plist;
				LD_RUNPATH_SEARCH_PATHS = "$(inherited) @executable_path/Frameworks";
				PRODUCT_BUNDLE_IDENTIFIER = per.ALan.AlanTomCat;
				PRODUCT_NAME = "$(TARGET_NAME)";
			};
			name = Release;
		};
/* End XCBuildConfiguration section */

/* Begin XCConfigurationList section */
		8C5A20831C25488600F61B6F /* Build configuration list for PBXProject "ALRefresher" */ = {
			isa = XCConfigurationList;
			buildConfigurations = (
				8C5A20981C25488600F61B6F /* Debug */,
				8C5A20991C25488600F61B6F /* Release */,
			);
			defaultConfigurationIsVisible = 0;
			defaultConfigurationName = Release;
		};
		8C5A209A1C25488600F61B6F /* Build configuration list for PBXNativeTarget "ALRefresher" */ = {
			isa = XCConfigurationList;
			buildConfigurations = (
				8C5A209B1C25488600F61B6F /* Debug */,
				8C5A209C1C25488600F61B6F /* Release */,
			);
			defaultConfigurationIsVisible = 0;
			defaultConfigurationName = Release;
		};
/* End XCConfigurationList section */
	};
	rootObject = 8C5A20801C25488600F61B6F /* Project object */;
}
